// !$*UTF8*$!
{
	archiveVersion = 1;
	classes = {
	};
	objectVersion = 77;
	objects = {

/* Begin PBXBuildFile section */
		8EA9E19B2DF1C8B400BDE483 /* ACT.ActivitiesListFeatureiOS in Frameworks */ = {isa = PBXBuildFile; productRef = 8EA9E19A2DF1C8B400BDE483 /* ACT.ActivitiesListFeatureiOS */; };
		8EF19C362DF7340E008FDF5D /* ACT.AppDependenciesLive in Frameworks */ = {isa = PBXBuildFile; productRef = 8EF19C352DF7340E008FDF5D /* ACT.AppDependenciesLive */; };
/* End PBXBuildFile section */

/* Begin PBXContainerItemProxy section */
		8E2217F42DE8B4960006190D /* PBXContainerItemProxy */ = {
			isa = PBXContainerItemProxy;
			containerPortal = 8E2217D52DE8B4950006190D /* Project object */;
			proxyType = 1;
			remoteGlobalIDString = 8E2217DC2DE8B4950006190D;
			remoteInfo = Activities;
		};
		8E2217FE2DE8B4960006190D /* PBXContainerItemProxy */ = {
			isa = PBXContainerItemProxy;
			containerPortal = 8E2217D52DE8B4950006190D /* Project object */;
			proxyType = 1;
			remoteGlobalIDString = 8E2217DC2DE8B4950006190D;
			remoteInfo = Activities;
		};
/* End PBXContainerItemProxy section */

/* Begin PBXFileReference section */
		8E2217DD2DE8B4950006190D /* Activities.app */ = {isa = PBXFileReference; explicitFileType = wrapper.application; includeInIndex = 0; path = Activities.app; sourceTree = BUILT_PRODUCTS_DIR; };
		8E2217F32DE8B4960006190D /* ActivitiesTests.xctest */ = {isa = PBXFileReference; explicitFileType = wrapper.cfbundle; includeInIndex = 0; path = ActivitiesTests.xctest; sourceTree = BUILT_PRODUCTS_DIR; };
		8E2217FD2DE8B4960006190D /* ActivitiesUITests.xctest */ = {isa = PBXFileReference; explicitFileType = wrapper.cfbundle; includeInIndex = 0; path = ActivitiesUITests.xctest; sourceTree = BUILT_PRODUCTS_DIR; };
		8EB5E80B2DF08A24004559F7 /* ActivitiesApp */ = {isa = PBXFileReference; lastKnownFileType = wrapper; path = ActivitiesApp; sourceTree = "<group>"; };
/* End PBXFileReference section */

/* Begin PBXFileSystemSynchronizedBuildFileExceptionSet section */
		8E2218052DE8B4960006190D /* Exceptions for "Activities" folder in "Activities" target */ = {
			isa = PBXFileSystemSynchronizedBuildFileExceptionSet;
			membershipExceptions = (
				Info.plist,
			);
			target = 8E2217DC2DE8B4950006190D /* Activities */;
		};
/* End PBXFileSystemSynchronizedBuildFileExceptionSet section */

/* Begin PBXFileSystemSynchronizedRootGroup section */
		8E2217DF2DE8B4950006190D /* Activities */ = {
			isa = PBXFileSystemSynchronizedRootGroup;
			exceptions = (
				8E2218052DE8B4960006190D /* Exceptions for "Activities" folder in "Activities" target */,
			);
			path = Activities;
			sourceTree = "<group>";
		};
		8E2217F62DE8B4960006190D /* ActivitiesTests */ = {
			isa = PBXFileSystemSynchronizedRootGroup;
			path = ActivitiesTests;
			sourceTree = "<group>";
		};
		8E2218002DE8B4960006190D /* ActivitiesUITests */ = {
			isa = PBXFileSystemSynchronizedRootGroup;
			path = ActivitiesUITests;
			sourceTree = "<group>";
		};
/* End PBXFileSystemSynchronizedRootGroup section */

/* Begin PBXFrameworksBuildPhase section */
		8E2217DA2DE8B4950006190D /* Frameworks */ = {
			isa = PBXFrameworksBuildPhase;
			buildActionMask = 2147483647;
			files = (
				8EA9E19B2DF1C8B400BDE483 /* ACT.ActivitiesListFeatureiOS in Frameworks */,
				8EF19C362DF7340E008FDF5D /* ACT.AppDependenciesLive in Frameworks */,
			);
			runOnlyForDeploymentPostprocessing = 0;
		};
		8E2217F02DE8B4960006190D /* Frameworks */ = {
			isa = PBXFrameworksBuildPhase;
			buildActionMask = 2147483647;
			files = (
			);
			runOnlyForDeploymentPostprocessing = 0;
		};
		8E2217FA2DE8B4960006190D /* Frameworks */ = {
			isa = PBXFrameworksBuildPhase;
			buildActionMask = 2147483647;
			files = (
			);
			runOnlyForDeploymentPostprocessing = 0;
		};
/* End PBXFrameworksBuildPhase section */

/* Begin PBXGroup section */
		8E2217D42DE8B4950006190D = {
			isa = PBXGroup;
			children = (
				8EB5E80C2DF08A24004559F7 /* Packages */,
				8E2217DF2DE8B4950006190D /* Activities */,
				8E2217F62DE8B4960006190D /* ActivitiesTests */,
				8E2218002DE8B4960006190D /* ActivitiesUITests */,
				8E49E26A2DF05DA1003E2712 /* Frameworks */,
				8E2217DE2DE8B4950006190D /* Products */,
			);
			sourceTree = "<group>";
		};
		8E2217DE2DE8B4950006190D /* Products */ = {
			isa = PBXGroup;
			children = (
				8E2217DD2DE8B4950006190D /* Activities.app */,
				8E2217F32DE8B4960006190D /* ActivitiesTests.xctest */,
				8E2217FD2DE8B4960006190D /* ActivitiesUITests.xctest */,
			);
			name = Products;
			sourceTree = "<group>";
		};
		8E49E26A2DF05DA1003E2712 /* Frameworks */ = {
			isa = PBXGroup;
			children = (
			);
			name = Frameworks;
			sourceTree = "<group>";
		};
		8EB5E80C2DF08A24004559F7 /* Packages */ = {
			isa = PBXGroup;
			children = (
				8EB5E80B2DF08A24004559F7 /* ActivitiesApp */,
			);
			path = Packages;
			sourceTree = "<group>";
		};
/* End PBXGroup section */

/* Begin PBXNativeTarget section */
		8E2217DC2DE8B4950006190D /* Activities */ = {
			isa = PBXNativeTarget;
			buildConfigurationList = 8E2218062DE8B4960006190D /* Build configuration list for PBXNativeTarget "Activities" */;
			buildPhases = (
				8E2217D92DE8B4950006190D /* Sources */,
				8E2217DA2DE8B4950006190D /* Frameworks */,
				8E2217DB2DE8B4950006190D /* Resources */,
			);
			buildRules = (
			);
			dependencies = (
			);
			fileSystemSynchronizedGroups = (
				8E2217DF2DE8B4950006190D /* Activities */,
			);
			name = Activities;
			packageProductDependencies = (
				8EA9E19A2DF1C8B400BDE483 /* ACT.ActivitiesListFeatureiOS */,
				8EF19C352DF7340E008FDF5D /* ACT.AppDependenciesLive */,
			);
			productName = Activities;
			productReference = 8E2217DD2DE8B4950006190D /* Activities.app */;
			productType = "com.apple.product-type.application";
		};
		8E2217F22DE8B4960006190D /* ActivitiesTests */ = {
			isa = PBXNativeTarget;
			buildConfigurationList = 8E22180B2DE8B4960006190D /* Build configuration list for PBXNativeTarget "ActivitiesTests" */;
			buildPhases = (
				8E2217EF2DE8B4960006190D /* Sources */,
				8E2217F02DE8B4960006190D /* Frameworks */,
				8E2217F12DE8B4960006190D /* Resources */,
			);
			buildRules = (
			);
			dependencies = (
				8E2217F52DE8B4960006190D /* PBXTargetDependency */,
			);
			fileSystemSynchronizedGroups = (
				8E2217F62DE8B4960006190D /* ActivitiesTests */,
			);
			name = ActivitiesTests;
			packageProductDependencies = (
			);
			productName = ActivitiesTests;
			productReference = 8E2217F32DE8B4960006190D /* ActivitiesTests.xctest */;
			productType = "com.apple.product-type.bundle.unit-test";
		};
		8E2217FC2DE8B4960006190D /* ActivitiesUITests */ = {
			isa = PBXNativeTarget;
			buildConfigurationList = 8E22180E2DE8B4960006190D /* Build configuration list for PBXNativeTarget "ActivitiesUITests" */;
			buildPhases = (
				8E2217F92DE8B4960006190D /* Sources */,
				8E2217FA2DE8B4960006190D /* Frameworks */,
				8E2217FB2DE8B4960006190D /* Resources */,
			);
			buildRules = (
			);
			dependencies = (
				8E2217FF2DE8B4960006190D /* PBXTargetDependency */,
			);
			fileSystemSynchronizedGroups = (
				8E2218002DE8B4960006190D /* ActivitiesUITests */,
			);
			name = ActivitiesUITests;
			packageProductDependencies = (
			);
			productName = ActivitiesUITests;
			productReference = 8E2217FD2DE8B4960006190D /* ActivitiesUITests.xctest */;
			productType = "com.apple.product-type.bundle.ui-testing";
		};
/* End PBXNativeTarget section */

/* Begin PBXProject section */
		8E2217D52DE8B4950006190D /* Project object */ = {
			isa = PBXProject;
			attributes = {
				BuildIndependentTargetsInParallel = 1;
				LastSwiftUpdateCheck = 1620;
				LastUpgradeCheck = 1620;
				TargetAttributes = {
					8E2217DC2DE8B4950006190D = {
						CreatedOnToolsVersion = 16.2;
					};
					8E2217F22DE8B4960006190D = {
						CreatedOnToolsVersion = 16.2;
						TestTargetID = 8E2217DC2DE8B4950006190D;
					};
					8E2217FC2DE8B4960006190D = {
						CreatedOnToolsVersion = 16.2;
						TestTargetID = 8E2217DC2DE8B4950006190D;
					};
				};
			};
			buildConfigurationList = 8E2217D82DE8B4950006190D /* Build configuration list for PBXProject "Activities" */;
			developmentRegion = en;
			hasScannedForEncodings = 0;
			knownRegions = (
				en,
				Base,
			);
			mainGroup = 8E2217D42DE8B4950006190D;
			minimizedProjectReferenceProxies = 1;
			packageReferences = (
			);
			preferredProjectObjectVersion = 77;
			productRefGroup = 8E2217DE2DE8B4950006190D /* Products */;
			projectDirPath = "";
			projectRoot = "";
			targets = (
				8E2217DC2DE8B4950006190D /* Activities */,
				8E2217F22DE8B4960006190D /* ActivitiesTests */,
				8E2217FC2DE8B4960006190D /* ActivitiesUITests */,
			);
		};
/* End PBXProject section */

/* Begin PBXResourcesBuildPhase section */
		8E2217DB2DE8B4950006190D /* Resources */ = {
			isa = PBXResourcesBuildPhase;
			buildActionMask = 2147483647;
			files = (
			);
			runOnlyForDeploymentPostprocessing = 0;
		};
		8E2217F12DE8B4960006190D /* Resources */ = {
			isa = PBXResourcesBuildPhase;
			buildActionMask = 2147483647;
			files = (
			);
			runOnlyForDeploymentPostprocessing = 0;
		};
		8E2217FB2DE8B4960006190D /* Resources */ = {
			isa = PBXResourcesBuildPhase;
			buildActionMask = 2147483647;
			files = (
			);
			runOnlyForDeploymentPostprocessing = 0;
		};
/* End PBXResourcesBuildPhase section */

/* Begin PBXSourcesBuildPhase section */
		8E2217D92DE8B4950006190D /* Sources */ = {
			isa = PBXSourcesBuildPhase;
			buildActionMask = 2147483647;
			files = (
			);
			runOnlyForDeploymentPostprocessing = 0;
		};
		8E2217EF2DE8B4960006190D /* Sources */ = {
			isa = PBXSourcesBuildPhase;
			buildActionMask = 2147483647;
			files = (
			);
			runOnlyForDeploymentPostprocessing = 0;
		};
		8E2217F92DE8B4960006190D /* Sources */ = {
			isa = PBXSourcesBuildPhase;
			buildActionMask = 2147483647;
			files = (
			);
			runOnlyForDeploymentPostprocessing = 0;
		};
/* End PBXSourcesBuildPhase section */

/* Begin PBXTargetDependency section */
		8E2217F52DE8B4960006190D /* PBXTargetDependency */ = {
			isa = PBXTargetDependency;
			target = 8E2217DC2DE8B4950006190D /* Activities */;
			targetProxy = 8E2217F42DE8B4960006190D /* PBXContainerItemProxy */;
		};
		8E2217FF2DE8B4960006190D /* PBXTargetDependency */ = {
			isa = PBXTargetDependency;
			target = 8E2217DC2DE8B4950006190D /* Activities */;
			targetProxy = 8E2217FE2DE8B4960006190D /* PBXContainerItemProxy */;
		};
/* End PBXTargetDependency section */

/* Begin XCBuildConfiguration section */
		8E2218072DE8B4960006190D /* Debug */ = {
			isa = XCBuildConfiguration;
			buildSettings = {
				ASSETCATALOG_COMPILER_APPICON_NAME = AppIcon;
				ASSETCATALOG_COMPILER_GLOBAL_ACCENT_COLOR_NAME = AccentColor;
				CODE_SIGN_ENTITLEMENTS = Activities/Activities.entitlements;
				CODE_SIGN_IDENTITY = "Apple Development";
				CODE_SIGN_STYLE = Automatic;
				CURRENT_PROJECT_VERSION = 1;
				DEVELOPMENT_TEAM = PAGG8XDJQQ;
				GENERATE_INFOPLIST_FILE = YES;
				INFOPLIST_FILE = Activities/Info.plist;
				INFOPLIST_KEY_UIApplicationSupportsIndirectInputEvents = YES;
				INFOPLIST_KEY_UILaunchStoryboardName = LaunchScreen;
				INFOPLIST_KEY_UIMainStoryboardFile = Main;
				INFOPLIST_KEY_UISupportedInterfaceOrientations_iPad = "UIInterfaceOrientationPortrait UIInterfaceOrientationPortraitUpsideDown UIInterfaceOrientationLandscapeLeft UIInterfaceOrientationLandscapeRight";
				INFOPLIST_KEY_UISupportedInterfaceOrientations_iPhone = "UIInterfaceOrientationPortrait UIInterfaceOrientationLandscapeLeft UIInterfaceOrientationLandscapeRight";
				LD_RUNPATH_SEARCH_PATHS = (
					"$(inherited)",
					"@executable_path/Frameworks",
				);
				MARKETING_VERSION = 1.0;
				PRODUCT_BUNDLE_IDENTIFIER = com.elixirapps.Activities;
				PRODUCT_NAME = "$(TARGET_NAME)";
				PROVISIONING_PROFILE_SPECIFIER = "";
				SUPPORTED_PLATFORMS = "iphoneos iphonesimulator";
				SUPPORTS_MACCATALYST = YES;
				SUPPORTS_MAC_DESIGNED_FOR_IPHONE_IPAD = NO;
				SWIFT_EMIT_LOC_STRINGS = YES;
				SWIFT_VERSION = 5.0;
				TARGETED_DEVICE_FAMILY = "1,2";
			};
			name = Debug;
		};
		8E2218082DE8B4960006190D /* Release */ = {
			isa = XCBuildConfiguration;
			buildSettings = {
				ASSETCATALOG_COMPILER_APPICON_NAME = AppIcon;
				ASSETCATALOG_COMPILER_GLOBAL_ACCENT_COLOR_NAME = AccentColor;
				CODE_SIGN_ENTITLEMENTS = Activities/Activities.entitlements;
				CODE_SIGN_IDENTITY = "Apple Development";
				CODE_SIGN_STYLE = Automatic;
				CURRENT_PROJECT_VERSION = 1;
				DEVELOPMENT_TEAM = PAGG8XDJQQ;
				GENERATE_INFOPLIST_FILE = YES;
				INFOPLIST_FILE = Activities/Info.plist;
				INFOPLIST_KEY_UIApplicationSupportsIndirectInputEvents = YES;
				INFOPLIST_KEY_UILaunchStoryboardName = LaunchScreen;
				INFOPLIST_KEY_UIMainStoryboardFile = Main;
				INFOPLIST_KEY_UISupportedInterfaceOrientations_iPad = "UIInterfaceOrientationPortrait UIInterfaceOrientationPortraitUpsideDown UIInterfaceOrientationLandscapeLeft UIInterfaceOrientationLandscapeRight";
				INFOPLIST_KEY_UISupportedInterfaceOrientations_iPhone = "UIInterfaceOrientationPortrait UIInterfaceOrientationLandscapeLeft UIInterfaceOrientationLandscapeRight";
				LD_RUNPATH_SEARCH_PATHS = (
					"$(inherited)",
					"@executable_path/Frameworks",
				);
				MARKETING_VERSION = 1.0;
				PRODUCT_BUNDLE_IDENTIFIER = com.elixirapps.Activities;
				PRODUCT_NAME = "$(TARGET_NAME)";
				PROVISIONING_PROFILE_SPECIFIER = "";
				SUPPORTED_PLATFORMS = "iphoneos iphonesimulator";
				SUPPORTS_MACCATALYST = YES;
				SUPPORTS_MAC_DESIGNED_FOR_IPHONE_IPAD = NO;
				SWIFT_EMIT_LOC_STRINGS = YES;
				SWIFT_VERSION = 5.0;
				TARGETED_DEVICE_FAMILY = "1,2";
			};
			name = Release;
		};
		8E2218092DE8B4960006190D /* Debug */ = {
			isa = XCBuildConfiguration;
			buildSettings = {
				ALWAYS_SEARCH_USER_PATHS = NO;
				ASSETCATALOG_COMPILER_GENERATE_SWIFT_ASSET_SYMBOL_EXTENSIONS = YES;
				CLANG_ANALYZER_NONNULL = YES;
				CLANG_ANALYZER_NUMBER_OBJECT_CONVERSION = YES_AGGRESSIVE;
				CLANG_CXX_LANGUAGE_STANDARD = "gnu++20";
				CLANG_ENABLE_MODULES = YES;
				CLANG_ENABLE_OBJC_ARC = YES;
				CLANG_ENABLE_OBJC_WEAK = YES;
				CLANG_WARN_BLOCK_CAPTURE_AUTORELEASING = YES;
				CLANG_WARN_BOOL_CONVERSION = YES;
				CLANG_WARN_COMMA = YES;
				CLANG_WARN_CONSTANT_CONVERSION = YES;
				CLANG_WARN_DEPRECATED_OBJC_IMPLEMENTATIONS = YES;
				CLANG_WARN_DIRECT_OBJC_ISA_USAGE = YES_ERROR;
				CLANG_WARN_DOCUMENTATION_COMMENTS = YES;
				CLANG_WARN_EMPTY_BODY = YES;
				CLANG_WARN_ENUM_CONVERSION = YES;
				CLANG_WARN_INFINITE_RECURSION = YES;
				CLANG_WARN_INT_CONVERSION = YES;
				CLANG_WARN_NON_LITERAL_NULL_CONVERSION = YES;
				CLANG_WARN_OBJC_IMPLICIT_RETAIN_SELF = YES;
				CLANG_WARN_OBJC_LITERAL_CONVERSION = YES;
				CLANG_WARN_OBJC_ROOT_CLASS = YES_ERROR;
				CLANG_WARN_QUOTED_INCLUDE_IN_FRAMEWORK_HEADER = YES;
				CLANG_WARN_RANGE_LOOP_ANALYSIS = YES;
				CLANG_WARN_STRICT_PROTOTYPES = YES;
				CLANG_WARN_SUSPICIOUS_MOVE = YES;
				CLANG_WARN_UNGUARDED_AVAILABILITY = YES_AGGRESSIVE;
				CLANG_WARN_UNREACHABLE_CODE = YES;
				CLANG_WARN__DUPLICATE_METHOD_MATCH = YES;
				COPY_PHASE_STRIP = NO;
				DEBUG_INFORMATION_FORMAT = dwarf;
				ENABLE_STRICT_OBJC_MSGSEND = YES;
				ENABLE_TESTABILITY = YES;
				ENABLE_USER_SCRIPT_SANDBOXING = YES;
				GCC_C_LANGUAGE_STANDARD = gnu17;
				GCC_DYNAMIC_NO_PIC = NO;
				GCC_NO_COMMON_BLOCKS = YES;
				GCC_OPTIMIZATION_LEVEL = 0;
				GCC_PREPROCESSOR_DEFINITIONS = (
					"DEBUG=1",
					"$(inherited)",
				);
				GCC_WARN_64_TO_32_BIT_CONVERSION = YES;
				GCC_WARN_ABOUT_RETURN_TYPE = YES_ERROR;
				GCC_WARN_UNDECLARED_SELECTOR = YES;
				GCC_WARN_UNINITIALIZED_AUTOS = YES_AGGRESSIVE;
				GCC_WARN_UNUSED_FUNCTION = YES;
				GCC_WARN_UNUSED_VARIABLE = YES;
				IPHONEOS_DEPLOYMENT_TARGET = 18.2;
				LOCALIZATION_PREFERS_STRING_CATALOGS = YES;
				MTL_ENABLE_DEBUG_INFO = INCLUDE_SOURCE;
				MTL_FAST_MATH = YES;
				ONLY_ACTIVE_ARCH = YES;
				SDKROOT = iphoneos;
				SWIFT_ACTIVE_COMPILATION_CONDITIONS = "DEBUG $(inherited)";
				SWIFT_OPTIMIZATION_LEVEL = "-Onone";
			};
			name = Debug;
		};
		8E22180A2DE8B4960006190D /* Release */ = {
			isa = XCBuildConfiguration;
			buildSettings = {
				ALWAYS_SEARCH_USER_PATHS = NO;
				ASSETCATALOG_COMPILER_GENERATE_SWIFT_ASSET_SYMBOL_EXTENSIONS = YES;
				CLANG_ANALYZER_NONNULL = YES;
				CLANG_ANALYZER_NUMBER_OBJECT_CONVERSION = YES_AGGRESSIVE;
				CLANG_CXX_LANGUAGE_STANDARD = "gnu++20";
				CLANG_ENABLE_MODULES = YES;
				CLANG_ENABLE_OBJC_ARC = YES;
				CLANG_ENABLE_OBJC_WEAK = YES;
				CLANG_WARN_BLOCK_CAPTURE_AUTORELEASING = YES;
				CLANG_WARN_BOOL_CONVERSION = YES;
				CLANG_WARN_COMMA = YES;
				CLANG_WARN_CONSTANT_CONVERSION = YES;
				CLANG_WARN_DEPRECATED_OBJC_IMPLEMENTATIONS = YES;
				CLANG_WARN_DIRECT_OBJC_ISA_USAGE = YES_ERROR;
				CLANG_WARN_DOCUMENTATION_COMMENTS = YES;
				CLANG_WARN_EMPTY_BODY = YES;
				CLANG_WARN_ENUM_CONVERSION = YES;
				CLANG_WARN_INFINITE_RECURSION = YES;
				CLANG_WARN_INT_CONVERSION = YES;
				CLANG_WARN_NON_LITERAL_NULL_CONVERSION = YES;
				CLANG_WARN_OBJC_IMPLICIT_RETAIN_SELF = YES;
				CLANG_WARN_OBJC_LITERAL_CONVERSION = YES;
				CLANG_WARN_OBJC_ROOT_CLASS = YES_ERROR;
				CLANG_WARN_QUOTED_INCLUDE_IN_FRAMEWORK_HEADER = YES;
				CLANG_WARN_RANGE_LOOP_ANALYSIS = YES;
				CLANG_WARN_STRICT_PROTOTYPES = YES;
				CLANG_WARN_SUSPICIOUS_MOVE = YES;
				CLANG_WARN_UNGUARDED_AVAILABILITY = YES_AGGRESSIVE;
				CLANG_WARN_UNREACHABLE_CODE = YES;
				CLANG_WARN__DUPLICATE_METHOD_MATCH = YES;
				COPY_PHASE_STRIP = NO;
				DEBUG_INFORMATION_FORMAT = "dwarf-with-dsym";
				ENABLE_NS_ASSERTIONS = NO;
				ENABLE_STRICT_OBJC_MSGSEND = YES;
				ENABLE_USER_SCRIPT_SANDBOXING = YES;
				GCC_C_LANGUAGE_STANDARD = gnu17;
				GCC_NO_COMMON_BLOCKS = YES;
				GCC_WARN_64_TO_32_BIT_CONVERSION = YES;
				GCC_WARN_ABOUT_RETURN_TYPE = YES_ERROR;
				GCC_WARN_UNDECLARED_SELECTOR = YES;
				GCC_WARN_UNINITIALIZED_AUTOS = YES_AGGRESSIVE;
				GCC_WARN_UNUSED_FUNCTION = YES;
				GCC_WARN_UNUSED_VARIABLE = YES;
				IPHONEOS_DEPLOYMENT_TARGET = 18.2;
				LOCALIZATION_PREFERS_STRING_CATALOGS = YES;
				MTL_ENABLE_DEBUG_INFO = NO;
				MTL_FAST_MATH = YES;
				SDKROOT = iphoneos;
				SWIFT_COMPILATION_MODE = wholemodule;
				VALIDATE_PRODUCT = YES;
			};
			name = Release;
		};
		8E22180C2DE8B4960006190D /* Debug */ = {
			isa = XCBuildConfiguration;
			buildSettings = {
				BUNDLE_LOADER = "$(TEST_HOST)";
				CODE_SIGN_STYLE = Automatic;
				CURRENT_PROJECT_VERSION = 1;
				DEVELOPMENT_TEAM = PAGG8XDJQQ;
				GENERATE_INFOPLIST_FILE = YES;
				IPHONEOS_DEPLOYMENT_TARGET = 18.2;
				MARKETING_VERSION = 1.0;
				PRODUCT_BUNDLE_IDENTIFIER = com.elixirapps.ActivitiesTests;
				PRODUCT_NAME = "$(TARGET_NAME)";
				SWIFT_EMIT_LOC_STRINGS = NO;
				SWIFT_VERSION = 5.0;
				TARGETED_DEVICE_FAMILY = "1,2";
				TEST_HOST = "$(BUILT_PRODUCTS_DIR)/Activities.app/$(BUNDLE_EXECUTABLE_FOLDER_PATH)/Activities";
			};
			name = Debug;
		};
		8E22180D2DE8B4960006190D /* Release */ = {
			isa = XCBuildConfiguration;
			buildSettings = {
				BUNDLE_LOADER = "$(TEST_HOST)";
				CODE_SIGN_STYLE = Automatic;
				CURRENT_PROJECT_VERSION = 1;
				DEVELOPMENT_TEAM = PAGG8XDJQQ;
				GENERATE_INFOPLIST_FILE = YES;
				IPHONEOS_DEPLOYMENT_TARGET = 18.2;
				MARKETING_VERSION = 1.0;
				PRODUCT_BUNDLE_IDENTIFIER = com.elixirapps.ActivitiesTests;
				PRODUCT_NAME = "$(TARGET_NAME)";
				SWIFT_EMIT_LOC_STRINGS = NO;
				SWIFT_VERSION = 5.0;
				TARGETED_DEVICE_FAMILY = "1,2";
				TEST_HOST = "$(BUILT_PRODUCTS_DIR)/Activities.app/$(BUNDLE_EXECUTABLE_FOLDER_PATH)/Activities";
			};
			name = Release;
		};
		8E22180F2DE8B4960006190D /* Debug */ = {
			isa = XCBuildConfiguration;
			buildSettings = {
				CODE_SIGN_STYLE = Automatic;
				CURRENT_PROJECT_VERSION = 1;
				DEVELOPMENT_TEAM = PAGG8XDJQQ;
				GENERATE_INFOPLIST_FILE = YES;
				MARKETING_VERSION = 1.0;
				PRODUCT_BUNDLE_IDENTIFIER = com.elixirapps.ActivitiesUITests;
				PRODUCT_NAME = "$(TARGET_NAME)";
				SWIFT_EMIT_LOC_STRINGS = NO;
				SWIFT_VERSION = 5.0;
				TARGETED_DEVICE_FAMILY = "1,2";
				TEST_TARGET_NAME = Activities;
			};
			name = Debug;
		};
		8E2218102DE8B4960006190D /* Release */ = {
			isa = XCBuildConfiguration;
			buildSettings = {
				CODE_SIGN_STYLE = Automatic;
				CURRENT_PROJECT_VERSION = 1;
				DEVELOPMENT_TEAM = PAGG8XDJQQ;
				GENERATE_INFOPLIST_FILE = YES;
				MARKETING_VERSION = 1.0;
				PRODUCT_BUNDLE_IDENTIFIER = com.elixirapps.ActivitiesUITests;
				PRODUCT_NAME = "$(TARGET_NAME)";
				SWIFT_EMIT_LOC_STRINGS = NO;
				SWIFT_VERSION = 5.0;
				TARGETED_DEVICE_FAMILY = "1,2";
				TEST_TARGET_NAME = Activities;
			};
			name = Release;
		};
/* End XCBuildConfiguration section */

/* Begin XCConfigurationList section */
		8E2217D82DE8B4950006190D /* Build configuration list for PBXProject "Activities" */ = {
			isa = XCConfigurationList;
			buildConfigurations = (
				8E2218092DE8B4960006190D /* Debug */,
				8E22180A2DE8B4960006190D /* Release */,
			);
			defaultConfigurationIsVisible = 0;
			defaultConfigurationName = Release;
		};
		8E2218062DE8B4960006190D /* Build configuration list for PBXNativeTarget "Activities" */ = {
			isa = XCConfigurationList;
			buildConfigurations = (
				8E2218072DE8B4960006190D /* Debug */,
				8E2218082DE8B4960006190D /* Release */,
			);
			defaultConfigurationIsVisible = 0;
			defaultConfigurationName = Release;
		};
		8E22180B2DE8B4960006190D /* Build configuration list for PBXNativeTarget "ActivitiesTests" */ = {
			isa = XCConfigurationList;
			buildConfigurations = (
				8E22180C2DE8B4960006190D /* Debug */,
				8E22180D2DE8B4960006190D /* Release */,
			);
			defaultConfigurationIsVisible = 0;
			defaultConfigurationName = Release;
		};
		8E22180E2DE8B4960006190D /* Build configuration list for PBXNativeTarget "ActivitiesUITests" */ = {
			isa = XCConfigurationList;
			buildConfigurations = (
				8E22180F2DE8B4960006190D /* Debug */,
				8E2218102DE8B4960006190D /* Release */,
			);
			defaultConfigurationIsVisible = 0;
			defaultConfigurationName = Release;
		};
/* End XCConfigurationList section */

/* Begin XCSwiftPackageProductDependency section */
		8EA9E19A2DF1C8B400BDE483 /* ACT.ActivitiesListFeatureiOS */ = {
			isa = XCSwiftPackageProductDependency;
			productName = ACT.ActivitiesListFeatureiOS;
		};
		8EF19C352DF7340E008FDF5D /* ACT.AppDependenciesLive */ = {
			isa = XCSwiftPackageProductDependency;
			productName = ACT.AppDependenciesLive;
		};
/* End XCSwiftPackageProductDependency section */
	};
	rootObject = 8E2217D52DE8B4950006190D /* Project object */;
}
